
Microsoft Visual Studio Solution File, Format Version 12.00
# Visual Studio Version 17
VisualStudioVersion = 17.0.31903.59
MinimumVisualStudioVersion = 10.0.40219.1
Project("{FAE04EC0-301F-11D3-BF4B-00C04F79EFBC}") = "Blogsphere.Webapp.Bff.API", "Blogsphere.Webapp.Bff.API\Blogsphere.Webapp.Bff.API.csproj", "{4471F45E-8304-4DFA-8BD3-036211C61CF3}"
EndProject
Project("{FAE04EC0-301F-11D3-BF4B-00C04F79EFBC}") = "Blogsphere.Webapp.Bff.Domain", "Blogsphere.Webapp.Bff.Domain\Blogsphere.Webapp.Bff.Domain.csproj", "{15FC744D-9E9E-40CA-987C-3FE303685EBA}"
EndProject
Project("{FAE04EC0-301F-11D3-BF4B-00C04F79EFBC}") = "Blogsphere.Webapp.Bff.Application", "Blogsphere.Webapp.Bff.Application\Blogsphere.Webapp.Bff.Application.csproj", "{F3A6E065-0397-408F-B3CE-584AEFAE07CD}"
EndProject
Project("{FAE04EC0-301F-11D3-BF4B-00C04F79EFBC}") = "Blogsphere.Webapp.Bff.Infrastructure", "Blogsphere.Webapp.Bff.Infrastructure\Blogsphere.Webapp.Bff.Infrastructure.csproj", "{9476DBA3-1A2D-4AE9-8DA1-70E79A2839C5}"
EndProject
Project("{FAE04EC0-301F-11D3-BF4B-00C04F79EFBC}") = "Blogsphere.Webapp.Bff.Swagger", "Blogsphere.Webapp.Bff.Swagger\Blogsphere.Webapp.Bff.Swagger.csproj", "{E286432C-E177-47E8-AE96-4607CA973755}"
EndProject
Project("{FAE04EC0-301F-11D3-BF4B-00C04F79EFBC}") = "Blogsphere.Webapp.Bff.API.IntegrationTests", "Blogsphere.Webapp.Bff.API.IntegrationTests\Blogsphere.Webapp.Bff.API.IntegrationTests.csproj", "{B8EC6FA6-FADD-4C0E-87C6-73BB0532A5F6}"
EndProject
Project("{FAE04EC0-301F-11D3-BF4B-00C04F79EFBC}") = "Blogsphere.Webapp.Bff.Application.UnitTests", "Blogsphere.Webapp.Bff.Application.UnitTests\Blogsphere.Webapp.Bff.Application.UnitTests.csproj", "{8E7B8CC1-0BEC-4563-B2E0-1AE53B4F397F}"
EndProject
Global
	GlobalSection(SolutionConfigurationPlatforms) = preSolution
		Debug|Any CPU = Debug|Any CPU
		Debug|x64 = Debug|x64
		Debug|x86 = Debug|x86
		Release|Any CPU = Release|Any CPU
		Release|x64 = Release|x64
		Release|x86 = Release|x86
	EndGlobalSection
	GlobalSection(ProjectConfigurationPlatforms) = postSolution
		{4471F45E-8304-4DFA-8BD3-036211C61CF3}.Debug|Any CPU.ActiveCfg = Debug|Any CPU
		{4471F45E-8304-4DFA-8BD3-036211C61CF3}.Debug|Any CPU.Build.0 = Debug|Any CPU
		{4471F45E-8304-4DFA-8BD3-036211C61CF3}.Debug|x64.ActiveCfg = Debug|Any CPU
		{4471F45E-8304-4DFA-8BD3-036211C61CF3}.Debug|x64.Build.0 = Debug|Any CPU
		{4471F45E-8304-4DFA-8BD3-036211C61CF3}.Debug|x86.ActiveCfg = Debug|Any CPU
		{4471F45E-8304-4DFA-8BD3-036211C61CF3}.Debug|x86.Build.0 = Debug|Any CPU
		{4471F45E-8304-4DFA-8BD3-036211C61CF3}.Release|Any CPU.ActiveCfg = Release|Any CPU
		{4471F45E-8304-4DFA-8BD3-036211C61CF3}.Release|Any CPU.Build.0 = Release|Any CPU
		{4471F45E-8304-4DFA-8BD3-036211C61CF3}.Release|x64.ActiveCfg = Release|Any CPU
		{4471F45E-8304-4DFA-8BD3-036211C61CF3}.Release|x64.Build.0 = Release|Any CPU
		{4471F45E-8304-4DFA-8BD3-036211C61CF3}.Release|x86.ActiveCfg = Release|Any CPU
		{4471F45E-8304-4DFA-8BD3-036211C61CF3}.Release|x86.Build.0 = Release|Any CPU
		{15FC744D-9E9E-40CA-987C-3FE303685EBA}.Debug|Any CPU.ActiveCfg = Debug|Any CPU
		{15FC744D-9E9E-40CA-987C-3FE303685EBA}.Debug|Any CPU.Build.0 = Debug|Any CPU
		{15FC744D-9E9E-40CA-987C-3FE303685EBA}.Debug|x64.ActiveCfg = Debug|Any CPU
		{15FC744D-9E9E-40CA-987C-3FE303685EBA}.Debug|x64.Build.0 = Debug|Any CPU
		{15FC744D-9E9E-40CA-987C-3FE303685EBA}.Debug|x86.ActiveCfg = Debug|Any CPU
		{15FC744D-9E9E-40CA-987C-3FE303685EBA}.Debug|x86.Build.0 = Debug|Any CPU
		{15FC744D-9E9E-40CA-987C-3FE303685EBA}.Release|Any CPU.ActiveCfg = Release|Any CPU
		{15FC744D-9E9E-40CA-987C-3FE303685EBA}.Release|Any CPU.Build.0 = Release|Any CPU
		{15FC744D-9E9E-40CA-987C-3FE303685EBA}.Release|x64.ActiveCfg = Release|Any CPU
		{15FC744D-9E9E-40CA-987C-3FE303685EBA}.Release|x64.Build.0 = Release|Any CPU
		{15FC744D-9E9E-40CA-987C-3FE303685EBA}.Release|x86.ActiveCfg = Release|Any CPU
		{15FC744D-9E9E-40CA-987C-3FE303685EBA}.Release|x86.Build.0 = Release|Any CPU
		{F3A6E065-0397-408F-B3CE-584AEFAE07CD}.Debug|Any CPU.ActiveCfg = Debug|Any CPU
		{F3A6E065-0397-408F-B3CE-584AEFAE07CD}.Debug|Any CPU.Build.0 = Debug|Any CPU
		{F3A6E065-0397-408F-B3CE-584AEFAE07CD}.Debug|x64.ActiveCfg = Debug|Any CPU
		{F3A6E065-0397-408F-B3CE-584AEFAE07CD}.Debug|x64.Build.0 = Debug|Any CPU
		{F3A6E065-0397-408F-B3CE-584AEFAE07CD}.Debug|x86.ActiveCfg = Debug|Any CPU
		{F3A6E065-0397-408F-B3CE-584AEFAE07CD}.Debug|x86.Build.0 = Debug|Any CPU
		{F3A6E065-0397-408F-B3CE-584AEFAE07CD}.Release|Any CPU.ActiveCfg = Release|Any CPU
		{F3A6E065-0397-408F-B3CE-584AEFAE07CD}.Release|Any CPU.Build.0 = Release|Any CPU
		{F3A6E065-0397-408F-B3CE-584AEFAE07CD}.Release|x64.ActiveCfg = Release|Any CPU
		{F3A6E065-0397-408F-B3CE-584AEFAE07CD}.Release|x64.Build.0 = Release|Any CPU
		{F3A6E065-0397-408F-B3CE-584AEFAE07CD}.Release|x86.ActiveCfg = Release|Any CPU
		{F3A6E065-0397-408F-B3CE-584AEFAE07CD}.Release|x86.Build.0 = Release|Any CPU
		{9476DBA3-1A2D-4AE9-8DA1-70E79A2839C5}.Debug|Any CPU.ActiveCfg = Debug|Any CPU
		{9476DBA3-1A2D-4AE9-8DA1-70E79A2839C5}.Debug|Any CPU.Build.0 = Debug|Any CPU
		{9476DBA3-1A2D-4AE9-8DA1-70E79A2839C5}.Debug|x64.ActiveCfg = Debug|Any CPU
		{9476DBA3-1A2D-4AE9-8DA1-70E79A2839C5}.Debug|x64.Build.0 = Debug|Any CPU
		{9476DBA3-1A2D-4AE9-8DA1-70E79A2839C5}.Debug|x86.ActiveCfg = Debug|Any CPU
		{9476DBA3-1A2D-4AE9-8DA1-70E79A2839C5}.Debug|x86.Build.0 = Debug|Any CPU
		{9476DBA3-1A2D-4AE9-8DA1-70E79A2839C5}.Release|Any CPU.ActiveCfg = Release|Any CPU
		{9476DBA3-1A2D-4AE9-8DA1-70E79A2839C5}.Release|Any CPU.Build.0 = Release|Any CPU
		{9476DBA3-1A2D-4AE9-8DA1-70E79A2839C5}.Release|x64.ActiveCfg = Release|Any CPU
		{9476DBA3-1A2D-4AE9-8DA1-70E79A2839C5}.Release|x64.Build.0 = Release|Any CPU
		{9476DBA3-1A2D-4AE9-8DA1-70E79A2839C5}.Release|x86.ActiveCfg = Release|Any CPU
		{9476DBA3-1A2D-4AE9-8DA1-70E79A2839C5}.Release|x86.Build.0 = Release|Any CPU
		{E286432C-E177-47E8-AE96-4607CA973755}.Debug|Any CPU.ActiveCfg = Debug|Any CPU
		{E286432C-E177-47E8-AE96-4607CA973755}.Debug|Any CPU.Build.0 = Debug|Any CPU
		{E286432C-E177-47E8-AE96-4607CA973755}.Debug|x64.ActiveCfg = Debug|Any CPU
		{E286432C-E177-47E8-AE96-4607CA973755}.Debug|x64.Build.0 = Debug|Any CPU
		{E286432C-E177-47E8-AE96-4607CA973755}.Debug|x86.ActiveCfg = Debug|Any CPU
		{E286432C-E177-47E8-AE96-4607CA973755}.Debug|x86.Build.0 = Debug|Any CPU
		{E286432C-E177-47E8-AE96-4607CA973755}.Release|Any CPU.ActiveCfg = Release|Any CPU
		{E286432C-E177-47E8-AE96-4607CA973755}.Release|Any CPU.Build.0 = Release|Any CPU
		{E286432C-E177-47E8-AE96-4607CA973755}.Release|x64.ActiveCfg = Release|Any CPU
		{E286432C-E177-47E8-AE96-4607CA973755}.Release|x64.Build.0 = Release|Any CPU
		{E286432C-E177-47E8-AE96-4607CA973755}.Release|x86.ActiveCfg = Release|Any CPU
		{E286432C-E177-47E8-AE96-4607CA973755}.Release|x86.Build.0 = Release|Any CPU
		{B8EC6FA6-FADD-4C0E-87C6-73BB0532A5F6}.Debug|Any CPU.ActiveCfg = Debug|Any CPU
		{B8EC6FA6-FADD-4C0E-87C6-73BB0532A5F6}.Debug|Any CPU.Build.0 = Debug|Any CPU
		{B8EC6FA6-FADD-4C0E-87C6-73BB0532A5F6}.Debug|x64.ActiveCfg = Debug|Any CPU
		{B8EC6FA6-FADD-4C0E-87C6-73BB0532A5F6}.Debug|x64.Build.0 = Debug|Any CPU
		{B8EC6FA6-FADD-4C0E-87C6-73BB0532A5F6}.Debug|x86.ActiveCfg = Debug|Any CPU
		{B8EC6FA6-FADD-4C0E-87C6-73BB0532A5F6}.Debug|x86.Build.0 = Debug|Any CPU
		{B8EC6FA6-FADD-4C0E-87C6-73BB0532A5F6}.Release|Any CPU.ActiveCfg = Release|Any CPU
		{B8EC6FA6-FADD-4C0E-87C6-73BB0532A5F6}.Release|Any CPU.Build.0 = Release|Any CPU
		{B8EC6FA6-FADD-4C0E-87C6-73BB0532A5F6}.Release|x64.ActiveCfg = Release|Any CPU
		{B8EC6FA6-FADD-4C0E-87C6-73BB0532A5F6}.Release|x64.Build.0 = Release|Any CPU
		{B8EC6FA6-FADD-4C0E-87C6-73BB0532A5F6}.Release|x86.ActiveCfg = Release|Any CPU
		{B8EC6FA6-FADD-4C0E-87C6-73BB0532A5F6}.Release|x86.Build.0 = Release|Any CPU
		{8E7B8CC1-0BEC-4563-B2E0-1AE53B4F397F}.Debug|Any CPU.ActiveCfg = Debug|Any CPU
		{8E7B8CC1-0BEC-4563-B2E0-1AE53B4F397F}.Debug|Any CPU.Build.0 = Debug|Any CPU
		{8E7B8CC1-0BEC-4563-B2E0-1AE53B4F397F}.Debug|x64.ActiveCfg = Debug|Any CPU
		{8E7B8CC1-0BEC-4563-B2E0-1AE53B4F397F}.Debug|x64.Build.0 = Debug|Any CPU
		{8E7B8CC1-0BEC-4563-B2E0-1AE53B4F397F}.Debug|x86.ActiveCfg = Debug|Any CPU
		{8E7B8CC1-0BEC-4563-B2E0-1AE53B4F397F}.Debug|x86.Build.0 = Debug|Any CPU
		{8E7B8CC1-0BEC-4563-B2E0-1AE53B4F397F}.Release|Any CPU.ActiveCfg = Release|Any CPU
		{8E7B8CC1-0BEC-4563-B2E0-1AE53B4F397F}.Release|Any CPU.Build.0 = Release|Any CPU
		{8E7B8CC1-0BEC-4563-B2E0-1AE53B4F397F}.Release|x64.ActiveCfg = Release|Any CPU
		{8E7B8CC1-0BEC-4563-B2E0-1AE53B4F397F}.Release|x64.Build.0 = Release|Any CPU
		{8E7B8CC1-0BEC-4563-B2E0-1AE53B4F397F}.Release|x86.ActiveCfg = Release|Any CPU
		{8E7B8CC1-0BEC-4563-B2E0-1AE53B4F397F}.Release|x86.Build.0 = Release|Any CPU
	EndGlobalSection
	GlobalSection(SolutionProperties) = preSolution
		HideSolutionNode = FALSE
	EndGlobalSection
EndGlobal
